// !$*UTF8*$!
{
	archiveVersion = 1;
	classes = {
	};
	objectVersion = 46;
	objects = {

/* Begin PBXBuildFile section */
		55F8C412E1BF8330D5104DA6 /* Pods_Discoveread.framework in Frameworks */ = {isa = PBXBuildFile; fileRef = 46A1589132B0E83C1705DB33 /* Pods_Discoveread.framework */; };
		70988D111D0CD2B100B39949 /* AppDelegate.swift in Sources */ = {isa = PBXBuildFile; fileRef = 70988D101D0CD2B100B39949 /* AppDelegate.swift */; };
		70988D131D0CD2B100B39949 /* ViewController.swift in Sources */ = {isa = PBXBuildFile; fileRef = 70988D121D0CD2B100B39949 /* ViewController.swift */; };
		70988D161D0CD2B100B39949 /* Main.storyboard in Resources */ = {isa = PBXBuildFile; fileRef = 70988D141D0CD2B100B39949 /* Main.storyboard */; };
		70988D181D0CD2B100B39949 /* Assets.xcassets in Resources */ = {isa = PBXBuildFile; fileRef = 70988D171D0CD2B100B39949 /* Assets.xcassets */; };
		70988D1B1D0CD2B100B39949 /* LaunchScreen.storyboard in Resources */ = {isa = PBXBuildFile; fileRef = 70988D191D0CD2B100B39949 /* LaunchScreen.storyboard */; };
		70988D261D0CD2B100B39949 /* DiscovereadTests.swift in Sources */ = {isa = PBXBuildFile; fileRef = 70988D251D0CD2B100B39949 /* DiscovereadTests.swift */; };
		70988D311D0CD2B100B39949 /* DiscovereadUITests.swift in Sources */ = {isa = PBXBuildFile; fileRef = 70988D301D0CD2B100B39949 /* DiscovereadUITests.swift */; };
/* End PBXBuildFile section */

/* Begin PBXContainerItemProxy section */
		70988D221D0CD2B100B39949 /* PBXContainerItemProxy */ = {
			isa = PBXContainerItemProxy;
			containerPortal = 70988D051D0CD2B000B39949 /* Project object */;
			proxyType = 1;
			remoteGlobalIDString = 70988D0C1D0CD2B000B39949;
			remoteInfo = Discoveread;
		};
		70988D2D1D0CD2B100B39949 /* PBXContainerItemProxy */ = {
			isa = PBXContainerItemProxy;
			containerPortal = 70988D051D0CD2B000B39949 /* Project object */;
			proxyType = 1;
			remoteGlobalIDString = 70988D0C1D0CD2B000B39949;
			remoteInfo = Discoveread;
		};
/* End PBXContainerItemProxy section */

/* Begin PBXFileReference section */
		46A1589132B0E83C1705DB33 /* Pods_Discoveread.framework */ = {isa = PBXFileReference; explicitFileType = wrapper.framework; includeInIndex = 0; path = Pods_Discoveread.framework; sourceTree = BUILT_PRODUCTS_DIR; };
		70988D0D1D0CD2B100B39949 /* Discoveread.app */ = {isa = PBXFileReference; explicitFileType = wrapper.application; includeInIndex = 0; path = Discoveread.app; sourceTree = BUILT_PRODUCTS_DIR; };
		70988D101D0CD2B100B39949 /* AppDelegate.swift */ = {isa = PBXFileReference; lastKnownFileType = sourcecode.swift; path = AppDelegate.swift; sourceTree = "<group>"; };
		70988D121D0CD2B100B39949 /* ViewController.swift */ = {isa = PBXFileReference; lastKnownFileType = sourcecode.swift; path = ViewController.swift; sourceTree = "<group>"; };
		70988D151D0CD2B100B39949 /* Base */ = {isa = PBXFileReference; lastKnownFileType = file.storyboard; name = Base; path = Base.lproj/Main.storyboard; sourceTree = "<group>"; };
		70988D171D0CD2B100B39949 /* Assets.xcassets */ = {isa = PBXFileReference; lastKnownFileType = folder.assetcatalog; path = Assets.xcassets; sourceTree = "<group>"; };
		70988D1A1D0CD2B100B39949 /* Base */ = {isa = PBXFileReference; lastKnownFileType = file.storyboard; name = Base; path = Base.lproj/LaunchScreen.storyboard; sourceTree = "<group>"; };
		70988D1C1D0CD2B100B39949 /* Info.plist */ = {isa = PBXFileReference; lastKnownFileType = text.plist.xml; path = Info.plist; sourceTree = "<group>"; };
		70988D211D0CD2B100B39949 /* DiscovereadTests.xctest */ = {isa = PBXFileReference; explicitFileType = wrapper.cfbundle; includeInIndex = 0; path = DiscovereadTests.xctest; sourceTree = BUILT_PRODUCTS_DIR; };
		70988D251D0CD2B100B39949 /* DiscovereadTests.swift */ = {isa = PBXFileReference; lastKnownFileType = sourcecode.swift; path = DiscovereadTests.swift; sourceTree = "<group>"; };
		70988D271D0CD2B100B39949 /* Info.plist */ = {isa = PBXFileReference; lastKnownFileType = text.plist.xml; path = Info.plist; sourceTree = "<group>"; };
		70988D2C1D0CD2B100B39949 /* DiscovereadUITests.xctest */ = {isa = PBXFileReference; explicitFileType = wrapper.cfbundle; includeInIndex = 0; path = DiscovereadUITests.xctest; sourceTree = BUILT_PRODUCTS_DIR; };
		70988D301D0CD2B100B39949 /* DiscovereadUITests.swift */ = {isa = PBXFileReference; lastKnownFileType = sourcecode.swift; path = DiscovereadUITests.swift; sourceTree = "<group>"; };
		70988D321D0CD2B100B39949 /* Info.plist */ = {isa = PBXFileReference; lastKnownFileType = text.plist.xml; path = Info.plist; sourceTree = "<group>"; };
		807F12843D1229A707825866 /* Pods-Discoveread.debug.xcconfig */ = {isa = PBXFileReference; includeInIndex = 1; lastKnownFileType = text.xcconfig; name = "Pods-Discoveread.debug.xcconfig"; path = "Pods/Target Support Files/Pods-Discoveread/Pods-Discoveread.debug.xcconfig"; sourceTree = "<group>"; };
		E0946E684EC23745F155B4B6 /* Pods-Discoveread.release.xcconfig */ = {isa = PBXFileReference; includeInIndex = 1; lastKnownFileType = text.xcconfig; name = "Pods-Discoveread.release.xcconfig"; path = "Pods/Target Support Files/Pods-Discoveread/Pods-Discoveread.release.xcconfig"; sourceTree = "<group>"; };
/* End PBXFileReference section */

/* Begin PBXFrameworksBuildPhase section */
		70988D0A1D0CD2B000B39949 /* Frameworks */ = {
			isa = PBXFrameworksBuildPhase;
			buildActionMask = 2147483647;
			files = (
				55F8C412E1BF8330D5104DA6 /* Pods_Discoveread.framework in Frameworks */,
			);
			runOnlyForDeploymentPostprocessing = 0;
		};
		70988D1E1D0CD2B100B39949 /* Frameworks */ = {
			isa = PBXFrameworksBuildPhase;
			buildActionMask = 2147483647;
			files = (
			);
			runOnlyForDeploymentPostprocessing = 0;
		};
		70988D291D0CD2B100B39949 /* Frameworks */ = {
			isa = PBXFrameworksBuildPhase;
			buildActionMask = 2147483647;
			files = (
			);
			runOnlyForDeploymentPostprocessing = 0;
		};
/* End PBXFrameworksBuildPhase section */

/* Begin PBXGroup section */
		70988D041D0CD2B000B39949 = {
			isa = PBXGroup;
			children = (
				70988D0F1D0CD2B100B39949 /* Discoveread */,
				70988D241D0CD2B100B39949 /* DiscovereadTests */,
				70988D2F1D0CD2B100B39949 /* DiscovereadUITests */,
				70988D0E1D0CD2B100B39949 /* Products */,
				C24C14683CAA6A6A09498A15 /* Pods */,
				C2817052037FDCF4F504BCBD /* Frameworks */,
			);
			sourceTree = "<group>";
		};
		70988D0E1D0CD2B100B39949 /* Products */ = {
			isa = PBXGroup;
			children = (
				70988D0D1D0CD2B100B39949 /* Discoveread.app */,
				70988D211D0CD2B100B39949 /* DiscovereadTests.xctest */,
				70988D2C1D0CD2B100B39949 /* DiscovereadUITests.xctest */,
			);
			name = Products;
			sourceTree = "<group>";
		};
		70988D0F1D0CD2B100B39949 /* Discoveread */ = {
			isa = PBXGroup;
			children = (
				70988D101D0CD2B100B39949 /* AppDelegate.swift */,
				70988D121D0CD2B100B39949 /* ViewController.swift */,
				70988D141D0CD2B100B39949 /* Main.storyboard */,
				70988D171D0CD2B100B39949 /* Assets.xcassets */,
				70988D191D0CD2B100B39949 /* LaunchScreen.storyboard */,
				70988D1C1D0CD2B100B39949 /* Info.plist */,
			);
			path = Discoveread;
			sourceTree = "<group>";
		};
		70988D241D0CD2B100B39949 /* DiscovereadTests */ = {
			isa = PBXGroup;
			children = (
				70988D251D0CD2B100B39949 /* DiscovereadTests.swift */,
				70988D271D0CD2B100B39949 /* Info.plist */,
			);
			path = DiscovereadTests;
			sourceTree = "<group>";
		};
		70988D2F1D0CD2B100B39949 /* DiscovereadUITests */ = {
			isa = PBXGroup;
			children = (
				70988D301D0CD2B100B39949 /* DiscovereadUITests.swift */,
				70988D321D0CD2B100B39949 /* Info.plist */,
			);
			path = DiscovereadUITests;
			sourceTree = "<group>";
		};
		C24C14683CAA6A6A09498A15 /* Pods */ = {
			isa = PBXGroup;
			children = (
				807F12843D1229A707825866 /* Pods-Discoveread.debug.xcconfig */,
				E0946E684EC23745F155B4B6 /* Pods-Discoveread.release.xcconfig */,
			);
			name = Pods;
			sourceTree = "<group>";
		};
		C2817052037FDCF4F504BCBD /* Frameworks */ = {
			isa = PBXGroup;
			children = (
				46A1589132B0E83C1705DB33 /* Pods_Discoveread.framework */,
			);
			name = Frameworks;
			sourceTree = "<group>";
		};
/* End PBXGroup section */

/* Begin PBXNativeTarget section */
		70988D0C1D0CD2B000B39949 /* Discoveread */ = {
			isa = PBXNativeTarget;
			buildConfigurationList = 70988D351D0CD2B100B39949 /* Build configuration list for PBXNativeTarget "Discoveread" */;
			buildPhases = (
				0A53CF364CBD0E2CD1AB332F /* Check Pods Manifest.lock */,
				70988D091D0CD2B000B39949 /* Sources */,
				70988D0A1D0CD2B000B39949 /* Frameworks */,
				70988D0B1D0CD2B000B39949 /* Resources */,
				D8BB5B18C61A50014A5235EB /* Embed Pods Frameworks */,
				D121D45725091B53F1E2C530 /* Copy Pods Resources */,
			);
			buildRules = (
			);
			dependencies = (
			);
			name = Discoveread;
			productName = Discoveread;
			productReference = 70988D0D1D0CD2B100B39949 /* Discoveread.app */;
			productType = "com.apple.product-type.application";
		};
		70988D201D0CD2B100B39949 /* DiscovereadTests */ = {
			isa = PBXNativeTarget;
			buildConfigurationList = 70988D381D0CD2B100B39949 /* Build configuration list for PBXNativeTarget "DiscovereadTests" */;
			buildPhases = (
				70988D1D1D0CD2B100B39949 /* Sources */,
				70988D1E1D0CD2B100B39949 /* Frameworks */,
				70988D1F1D0CD2B100B39949 /* Resources */,
			);
			buildRules = (
			);
			dependencies = (
				70988D231D0CD2B100B39949 /* PBXTargetDependency */,
			);
			name = DiscovereadTests;
			productName = DiscovereadTests;
			productReference = 70988D211D0CD2B100B39949 /* DiscovereadTests.xctest */;
			productType = "com.apple.product-type.bundle.unit-test";
		};
		70988D2B1D0CD2B100B39949 /* DiscovereadUITests */ = {
			isa = PBXNativeTarget;
			buildConfigurationList = 70988D3B1D0CD2B100B39949 /* Build configuration list for PBXNativeTarget "DiscovereadUITests" */;
			buildPhases = (
				70988D281D0CD2B100B39949 /* Sources */,
				70988D291D0CD2B100B39949 /* Frameworks */,
				70988D2A1D0CD2B100B39949 /* Resources */,
			);
			buildRules = (
			);
			dependencies = (
				70988D2E1D0CD2B100B39949 /* PBXTargetDependency */,
			);
			name = DiscovereadUITests;
			productName = DiscovereadUITests;
			productReference = 70988D2C1D0CD2B100B39949 /* DiscovereadUITests.xctest */;
			productType = "com.apple.product-type.bundle.ui-testing";
		};
/* End PBXNativeTarget section */

/* Begin PBXProject section */
		70988D051D0CD2B000B39949 /* Project object */ = {
			isa = PBXProject;
			attributes = {
				LastSwiftUpdateCheck = 0730;
				LastUpgradeCheck = 0730;
				ORGANIZATIONNAME = "Sondhayni Murmu";
				TargetAttributes = {
					70988D0C1D0CD2B000B39949 = {
						CreatedOnToolsVersion = 7.3.1;
						DevelopmentTeam = ZQXWUAW7TP;
					};
					70988D201D0CD2B100B39949 = {
						CreatedOnToolsVersion = 7.3.1;
						TestTargetID = 70988D0C1D0CD2B000B39949;
					};
					70988D2B1D0CD2B100B39949 = {
						CreatedOnToolsVersion = 7.3.1;
						TestTargetID = 70988D0C1D0CD2B000B39949;
					};
				};
			};
			buildConfigurationList = 70988D081D0CD2B000B39949 /* Build configuration list for PBXProject "Discoveread" */;
			compatibilityVersion = "Xcode 3.2";
			developmentRegion = English;
			hasScannedForEncodings = 0;
			knownRegions = (
				en,
				Base,
			);
			mainGroup = 70988D041D0CD2B000B39949;
			productRefGroup = 70988D0E1D0CD2B100B39949 /* Products */;
			projectDirPath = "";
			projectRoot = "";
			targets = (
				70988D0C1D0CD2B000B39949 /* Discoveread */,
				70988D201D0CD2B100B39949 /* DiscovereadTests */,
				70988D2B1D0CD2B100B39949 /* DiscovereadUITests */,
			);
		};
/* End PBXProject section */

/* Begin PBXResourcesBuildPhase section */
		70988D0B1D0CD2B000B39949 /* Resources */ = {
			isa = PBXResourcesBuildPhase;
			buildActionMask = 2147483647;
			files = (
				70988D1B1D0CD2B100B39949 /* LaunchScreen.storyboard in Resources */,
				70988D181D0CD2B100B39949 /* Assets.xcassets in Resources */,
				70988D161D0CD2B100B39949 /* Main.storyboard in Resources */,
			);
			runOnlyForDeploymentPostprocessing = 0;
		};
		70988D1F1D0CD2B100B39949 /* Resources */ = {
			isa = PBXResourcesBuildPhase;
			buildActionMask = 2147483647;
			files = (
			);
			runOnlyForDeploymentPostprocessing = 0;
		};
		70988D2A1D0CD2B100B39949 /* Resources */ = {
			isa = PBXResourcesBuildPhase;
			buildActionMask = 2147483647;
			files = (
			);
			runOnlyForDeploymentPostprocessing = 0;
		};
/* End PBXResourcesBuildPhase section */

/* Begin PBXShellScriptBuildPhase section */
		0A53CF364CBD0E2CD1AB332F /* Check Pods Manifest.lock */ = {
			isa = PBXShellScriptBuildPhase;
			buildActionMask = 2147483647;
			files = (
			);
			inputPaths = (
			);
			name = "Check Pods Manifest.lock";
			outputPaths = (
			);
			runOnlyForDeploymentPostprocessing = 0;
			shellPath = /bin/sh;
			shellScript = "diff \"${PODS_ROOT}/../Podfile.lock\" \"${PODS_ROOT}/Manifest.lock\" > /dev/null\nif [[ $? != 0 ]] ; then\n    cat << EOM\nerror: The sandbox is not in sync with the Podfile.lock. Run 'pod install' or update your CocoaPods installation.\nEOM\n    exit 1\nfi\n";
			showEnvVarsInLog = 0;
		};
		D121D45725091B53F1E2C530 /* Copy Pods Resources */ = {
			isa = PBXShellScriptBuildPhase;
			buildActionMask = 2147483647;
			files = (
			);
			inputPaths = (
			);
			name = "Copy Pods Resources";
			outputPaths = (
			);
			runOnlyForDeploymentPostprocessing = 0;
			shellPath = /bin/sh;
			shellScript = "\"${SRCROOT}/Pods/Target Support Files/Pods-Discoveread/Pods-Discoveread-resources.sh\"\n";
			showEnvVarsInLog = 0;
		};
		D8BB5B18C61A50014A5235EB /* Embed Pods Frameworks */ = {
			isa = PBXShellScriptBuildPhase;
			buildActionMask = 2147483647;
			files = (
			);
			inputPaths = (
			);
			name = "Embed Pods Frameworks";
			outputPaths = (
			);
			runOnlyForDeploymentPostprocessing = 0;
			shellPath = /bin/sh;
			shellScript = "\"${SRCROOT}/Pods/Target Support Files/Pods-Discoveread/Pods-Discoveread-frameworks.sh\"\n";
			showEnvVarsInLog = 0;
		};
/* End PBXShellScriptBuildPhase section */

/* Begin PBXSourcesBuildPhase section */
		70988D091D0CD2B000B39949 /* Sources */ = {
			isa = PBXSourcesBuildPhase;
			buildActionMask = 2147483647;
			files = (
				70988D131D0CD2B100B39949 /* ViewController.swift in Sources */,
				70988D111D0CD2B100B39949 /* AppDelegate.swift in Sources */,
			);
			runOnlyForDeploymentPostprocessing = 0;
		};
		70988D1D1D0CD2B100B39949 /* Sources */ = {
			isa = PBXSourcesBuildPhase;
			buildActionMask = 2147483647;
			files = (
				70988D261D0CD2B100B39949 /* DiscovereadTests.swift in Sources */,
			);
			runOnlyForDeploymentPostprocessing = 0;
		};
		70988D281D0CD2B100B39949 /* Sources */ = {
			isa = PBXSourcesBuildPhase;
			buildActionMask = 2147483647;
			files = (
				70988D311D0CD2B100B39949 /* DiscovereadUITests.swift in Sources */,
			);
			runOnlyForDeploymentPostprocessing = 0;
		};
/* End PBXSourcesBuildPhase section */

/* Begin PBXTargetDependency section */
		70988D231D0CD2B100B39949 /* PBXTargetDependency */ = {
			isa = PBXTargetDependency;
			target = 70988D0C1D0CD2B000B39949 /* Discoveread */;
			targetProxy = 70988D221D0CD2B100B39949 /* PBXContainerItemProxy */;
		};
		70988D2E1D0CD2B100B39949 /* PBXTargetDependency */ = {
			isa = PBXTargetDependency;
			target = 70988D0C1D0CD2B000B39949 /* Discoveread */;
			targetProxy = 70988D2D1D0CD2B100B39949 /* PBXContainerItemProxy */;
		};
/* End PBXTargetDependency section */

/* Begin PBXVariantGroup section */
		70988D141D0CD2B100B39949 /* Main.storyboard */ = {
			isa = PBXVariantGroup;
			children = (
				70988D151D0CD2B100B39949 /* Base */,
			);
			name = Main.storyboard;
			sourceTree = "<group>";
		};
		70988D191D0CD2B100B39949 /* LaunchScreen.storyboard */ = {
			isa = PBXVariantGroup;
			children = (
				70988D1A1D0CD2B100B39949 /* Base */,
			);
			name = LaunchScreen.storyboard;
			sourceTree = "<group>";
		};
/* End PBXVariantGroup section */

/* Begin XCBuildConfiguration section */
		70988D331D0CD2B100B39949 /* Debug */ = {
			isa = XCBuildConfiguration;
			buildSettings = {
				ALWAYS_SEARCH_USER_PATHS = NO;
				CLANG_ANALYZER_NONNULL = YES;
				CLANG_CXX_LANGUAGE_STANDARD = "gnu++0x";
				CLANG_CXX_LIBRARY = "libc++";
				CLANG_ENABLE_MODULES = YES;
				CLANG_ENABLE_OBJC_ARC = YES;
				CLANG_WARN_BOOL_CONVERSION = YES;
				CLANG_WARN_CONSTANT_CONVERSION = YES;
				CLANG_WARN_DIRECT_OBJC_ISA_USAGE = YES_ERROR;
				CLANG_WARN_EMPTY_BODY = YES;
				CLANG_WARN_ENUM_CONVERSION = YES;
				CLANG_WARN_INT_CONVERSION = YES;
				CLANG_WARN_OBJC_ROOT_CLASS = YES_ERROR;
				CLANG_WARN_UNREACHABLE_CODE = YES;
				CLANG_WARN__DUPLICATE_METHOD_MATCH = YES;
				"CODE_SIGN_IDENTITY[sdk=iphoneos*]" = "iPhone Developer";
				COPY_PHASE_STRIP = NO;
				DEBUG_INFORMATION_FORMAT = dwarf;
				ENABLE_STRICT_OBJC_MSGSEND = YES;
				ENABLE_TESTABILITY = YES;
				GCC_C_LANGUAGE_STANDARD = gnu99;
				GCC_DYNAMIC_NO_PIC = NO;
				GCC_NO_COMMON_BLOCKS = YES;
				GCC_OPTIMIZATION_LEVEL = 0;
				GCC_PREPROCESSOR_DEFINITIONS = (
					"DEBUG=1",
					"$(inherited)",
				);
				GCC_WARN_64_TO_32_BIT_CONVERSION = YES;
				GCC_WARN_ABOUT_RETURN_TYPE = YES_ERROR;
				GCC_WARN_UNDECLARED_SELECTOR = YES;
				GCC_WARN_UNINITIALIZED_AUTOS = YES_AGGRESSIVE;
				GCC_WARN_UNUSED_FUNCTION = YES;
				GCC_WARN_UNUSED_VARIABLE = YES;
				IPHONEOS_DEPLOYMENT_TARGET = 9.3;
				MTL_ENABLE_DEBUG_INFO = YES;
				ONLY_ACTIVE_ARCH = YES;
				SDKROOT = iphoneos;
				SWIFT_OPTIMIZATION_LEVEL = "-Onone";
			};
			name = Debug;
		};
		70988D341D0CD2B100B39949 /* Release */ = {
			isa = XCBuildConfiguration;
			buildSettings = {
				ALWAYS_SEARCH_USER_PATHS = NO;
				CLANG_ANALYZER_NONNULL = YES;
				CLANG_CXX_LANGUAGE_STANDARD = "gnu++0x";
				CLANG_CXX_LIBRARY = "libc++";
				CLANG_ENABLE_MODULES = YES;
				CLANG_ENABLE_OBJC_ARC = YES;
				CLANG_WARN_BOOL_CONVERSION = YES;
				CLANG_WARN_CONSTANT_CONVERSION = YES;
				CLANG_WARN_DIRECT_OBJC_ISA_USAGE = YES_ERROR;
				CLANG_WARN_EMPTY_BODY = YES;
				CLANG_WARN_ENUM_CONVERSION = YES;
				CLANG_WARN_INT_CONVERSION = YES;
				CLANG_WARN_OBJC_ROOT_CLASS = YES_ERROR;
				CLANG_WARN_UNREACHABLE_CODE = YES;
				CLANG_WARN__DUPLICATE_METHOD_MATCH = YES;
				"CODE_SIGN_IDENTITY[sdk=iphoneos*]" = "iPhone Developer";
				COPY_PHASE_STRIP = NO;
				DEBUG_INFORMATION_FORMAT = "dwarf-with-dsym";
				ENABLE_NS_ASSERTIONS = NO;
				ENABLE_STRICT_OBJC_MSGSEND = YES;
				GCC_C_LANGUAGE_STANDARD = gnu99;
				GCC_NO_COMMON_BLOCKS = YES;
				GCC_WARN_64_TO_32_BIT_CONVERSION = YES;
				GCC_WARN_ABOUT_RETURN_TYPE = YES_ERROR;
				GCC_WARN_UNDECLARED_SELECTOR = YES;
				GCC_WARN_UNINITIALIZED_AUTOS = YES_AGGRESSIVE;
				GCC_WARN_UNUSED_FUNCTION = YES;
				GCC_WARN_UNUSED_VARIABLE = YES;
				IPHONEOS_DEPLOYMENT_TARGET = 9.3;
				MTL_ENABLE_DEBUG_INFO = NO;
				SDKROOT = iphoneos;
				VALIDATE_PRODUCT = YES;
			};
			name = Release;
		};
		70988D361D0CD2B100B39949 /* Debug */ = {
			isa = XCBuildConfiguration;
			baseConfigurationReference = 807F12843D1229A707825866 /* Pods-Discoveread.debug.xcconfig */;
			buildSettings = {
				ASSETCATALOG_COMPILER_APPICON_NAME = AppIcon;
				CODE_SIGN_IDENTITY = "iPhone Developer";
				"CODE_SIGN_IDENTITY[sdk=iphoneos*]" = "iPhone Developer";
				INFOPLIST_FILE = Discoveread/Info.plist;
				LD_RUNPATH_SEARCH_PATHS = "$(inherited) @executable_path/Frameworks";
				PRODUCT_BUNDLE_IDENTIFIER = com.smu.Discoveread;
				PRODUCT_NAME = "$(TARGET_NAME)";
				PROVISIONING_PROFILE = "";
			};
			name = Debug;
		};
		70988D371D0CD2B100B39949 /* Release */ = {
			isa = XCBuildConfiguration;
			baseConfigurationReference = E0946E684EC23745F155B4B6 /* Pods-Discoveread.release.xcconfig */;
			buildSettings = {
				ASSETCATALOG_COMPILER_APPICON_NAME = AppIcon;
				CODE_SIGN_IDENTITY = "iPhone Developer";
				"CODE_SIGN_IDENTITY[sdk=iphoneos*]" = "iPhone Developer";
				INFOPLIST_FILE = Discoveread/Info.plist;
				LD_RUNPATH_SEARCH_PATHS = "$(inherited) @executable_path/Frameworks";
				PRODUCT_BUNDLE_IDENTIFIER = com.smu.Discoveread;
				PRODUCT_NAME = "$(TARGET_NAME)";
				PROVISIONING_PROFILE = "";
			};
			name = Release;
		};
		70988D391D0CD2B100B39949 /* Debug */ = {
			isa = XCBuildConfiguration;
			buildSettings = {
				BUNDLE_LOADER = "$(TEST_HOST)";
				INFOPLIST_FILE = DiscovereadTests/Info.plist;
				LD_RUNPATH_SEARCH_PATHS = "$(inherited) @executable_path/Frameworks @loader_path/Frameworks";
				PRODUCT_BUNDLE_IDENTIFIER = co.smu.DiscovereadTests;
				PRODUCT_NAME = "$(TARGET_NAME)";
				TEST_HOST = "$(BUILT_PRODUCTS_DIR)/Discoveread.app/Discoveread";
			};
			name = Debug;
		};
		70988D3A1D0CD2B100B39949 /* Release */ = {
			isa = XCBuildConfiguration;
			buildSettings = {
				BUNDLE_LOADER = "$(TEST_HOST)";
				INFOPLIST_FILE = DiscovereadTests/Info.plist;
				LD_RUNPATH_SEARCH_PATHS = "$(inherited) @executable_path/Frameworks @loader_path/Frameworks";
				PRODUCT_BUNDLE_IDENTIFIER = co.smu.DiscovereadTests;
				PRODUCT_NAME = "$(TARGET_NAME)";
				TEST_HOST = "$(BUILT_PRODUCTS_DIR)/Discoveread.app/Discoveread";
			};
			name = Release;
		};
		70988D3C1D0CD2B100B39949 /* Debug */ = {
			isa = XCBuildConfiguration;
			buildSettings = {
				INFOPLIST_FILE = DiscovereadUITests/Info.plist;
				LD_RUNPATH_SEARCH_PATHS = "$(inherited) @executable_path/Frameworks @loader_path/Frameworks";
				PRODUCT_BUNDLE_IDENTIFIER = co.smu.DiscovereadUITests;
				PRODUCT_NAME = "$(TARGET_NAME)";
				TEST_TARGET_NAME = Discoveread;
			};
			name = Debug;
		};
		70988D3D1D0CD2B100B39949 /* Release */ = {
			isa = XCBuildConfiguration;
			buildSettings = {
				INFOPLIST_FILE = DiscovereadUITests/Info.plist;
				LD_RUNPATH_SEARCH_PATHS = "$(inherited) @executable_path/Frameworks @loader_path/Frameworks";
				PRODUCT_BUNDLE_IDENTIFIER = co.smu.DiscovereadUITests;
				PRODUCT_NAME = "$(TARGET_NAME)";
				TEST_TARGET_NAME = Discoveread;
			};
			name = Release;
		};
/* End XCBuildConfiguration section */

/* Begin XCConfigurationList section */
		70988D081D0CD2B000B39949 /* Build configuration list for PBXProject "Discoveread" */ = {
			isa = XCConfigurationList;
			buildConfigurations = (
				70988D331D0CD2B100B39949 /* Debug */,
				70988D341D0CD2B100B39949 /* Release */,
			);
			defaultConfigurationIsVisible = 0;
			defaultConfigurationName = Release;
		};
		70988D351D0CD2B100B39949 /* Build configuration list for PBXNativeTarget "Discoveread" */ = {
			isa = XCConfigurationList;
			buildConfigurations = (
				70988D361D0CD2B100B39949 /* Debug */,
				70988D371D0CD2B100B39949 /* Release */,
			);
			defaultConfigurationIsVisible = 0;
			defaultConfigurationName = Release;
		};
		70988D381D0CD2B100B39949 /* Build configuration list for PBXNativeTarget "DiscovereadTests" */ = {
			isa = XCConfigurationList;
			buildConfigurations = (
				70988D391D0CD2B100B39949 /* Debug */,
				70988D3A1D0CD2B100B39949 /* Release */,
			);
			defaultConfigurationIsVisible = 0;
			defaultConfigurationName = Release;
		};
		70988D3B1D0CD2B100B39949 /* Build configuration list for PBXNativeTarget "DiscovereadUITests" */ = {
			isa = XCConfigurationList;
			buildConfigurations = (
				70988D3C1D0CD2B100B39949 /* Debug */,
				70988D3D1D0CD2B100B39949 /* Release */,
			);
			defaultConfigurationIsVisible = 0;
			defaultConfigurationName = Release;
		};
/* End XCConfigurationList section */
	};
	rootObject = 70988D051D0CD2B000B39949 /* Project object */;
}
